
Microsoft Visual Studio Solution File, Format Version 12.00
# Visual Studio 15
VisualStudioVersion = 15.0.28307.572
MinimumVisualStudioVersion = 10.0.40219.1
Project("{8BC9CEB8-8B4A-11D0-8D11-00A0C91BC942}") = "YandexContest", "YandexContest\YandexContest.vcxproj", "{FC8098C5-4192-4C62-B69C-113ACFF0CCCA}"
EndProject
Project("{8BC9CEB8-8B4A-11D0-8D11-00A0C91BC942}") = "RemoveDuplicates", "RemoveDuplicates\RemoveDuplicates.vcxproj", "{5A31A99E-0E32-4A43-BC4B-9D9552654B07}"
EndProject
Project("{8BC9CEB8-8B4A-11D0-8D11-00A0C91BC942}") = "GenBrackets", "GenBrackets\GenBrackets.vcxproj", "{2943A026-569E-4B71-BBA0-3D3980437251}"
EndProject
Project("{8BC9CEB8-8B4A-11D0-8D11-00A0C91BC942}") = "kMerge", "kMerge\kMerge.vcxproj", "{DBB5C3B6-4053-4AB5-BBB0-27C7BE081FB2}"
EndProject
Project("{8BC9CEB8-8B4A-11D0-8D11-00A0C91BC942}") = "Test", "Test\Test.vcxproj", "{853A35A7-4BB6-4362-B9BA-B43D6CE6ACDF}"
EndProject
Project("{8BC9CEB8-8B4A-11D0-8D11-00A0C91BC942}") = "MergeOverlappingIntervals", "MergeOverlappingIntervals\MergeOverlappingIntervals.vcxproj", "{23093BEA-7550-4B4A-92D8-204F722128F4}"
EndProject
Project("{8BC9CEB8-8B4A-11D0-8D11-00A0C91BC942}") = "StonesAndJewels", "StonesAndJewels\StonesAndJewels.vcxproj", "{A383390A-4045-4C21-8D12-4FB91C1AD915}"
EndProject
Project("{8BC9CEB8-8B4A-11D0-8D11-00A0C91BC942}") = "DynProgCoinPurse", "DynProgCoinPurse\DynProgCoinPurse.vcxproj", "{0B9A7BF7-BCDE-4098-9FEE-D638687945D7}"
EndProject
Project("{8BC9CEB8-8B4A-11D0-8D11-00A0C91BC942}") = "OddPermutation", "OddPermutation\OddPermutation.vcxproj", "{C04FE7D1-DE22-4210-81AD-9A60143EA4B0}"
EndProject
Project("{8BC9CEB8-8B4A-11D0-8D11-00A0C91BC942}") = "MaxGroupMult", "MaxGroupMult\MaxGroupMult.vcxproj", "{90A764BA-1C1C-4B5E-A337-52E1A684CA1A}"
EndProject
Project("{8BC9CEB8-8B4A-11D0-8D11-00A0C91BC942}") = "Fork", "Fork\Fork.vcxproj", "{6FDD7A21-F5BB-4720-8A97-AFD2EB8273FA}"
EndProject
Project("{8BC9CEB8-8B4A-11D0-8D11-00A0C91BC942}") = "LSolve", "LSolve\LSolve.vcxproj", "{4B89624A-8874-4734-9DA9-B2447B37302B}"
EndProject
Project("{8BC9CEB8-8B4A-11D0-8D11-00A0C91BC942}") = "StringHashToVector", "StringHashToVector\StringHashToVector.vcxproj", "{37E842E7-F1C5-4B04-8639-263EEE593DA0}"
EndProject
Project("{8BC9CEB8-8B4A-11D0-8D11-00A0C91BC942}") = "BST_to_list", "BST_to_list\BST_to_list.vcxproj", "{A54315EA-5F46-43AE-82DA-E997AEA12BDB}"
EndProject
Project("{8BC9CEB8-8B4A-11D0-8D11-00A0C91BC942}") = "QuickSelect", "QuickSelect\QuickSelect.vcxproj", "{ADA9FA36-7559-4BB0-ADD7-C90981E55F4A}"
EndProject
Global
	GlobalSection(SolutionConfigurationPlatforms) = preSolution
		Debug|x64 = Debug|x64
		Debug|x86 = Debug|x86
		Release|x64 = Release|x64
		Release|x86 = Release|x86
	EndGlobalSection
	GlobalSection(ProjectConfigurationPlatforms) = postSolution
		{FC8098C5-4192-4C62-B69C-113ACFF0CCCA}.Debug|x64.ActiveCfg = Debug|x64
		{FC8098C5-4192-4C62-B69C-113ACFF0CCCA}.Debug|x64.Build.0 = Debug|x64
		{FC8098C5-4192-4C62-B69C-113ACFF0CCCA}.Debug|x86.ActiveCfg = Debug|Win32
		{FC8098C5-4192-4C62-B69C-113ACFF0CCCA}.Debug|x86.Build.0 = Debug|Win32
		{FC8098C5-4192-4C62-B69C-113ACFF0CCCA}.Release|x64.ActiveCfg = Release|x64
		{FC8098C5-4192-4C62-B69C-113ACFF0CCCA}.Release|x64.Build.0 = Release|x64
		{FC8098C5-4192-4C62-B69C-113ACFF0CCCA}.Release|x86.ActiveCfg = Release|Win32
		{FC8098C5-4192-4C62-B69C-113ACFF0CCCA}.Release|x86.Build.0 = Release|Win32
		{5A31A99E-0E32-4A43-BC4B-9D9552654B07}.Debug|x64.ActiveCfg = Debug|x64
		{5A31A99E-0E32-4A43-BC4B-9D9552654B07}.Debug|x64.Build.0 = Debug|x64
		{5A31A99E-0E32-4A43-BC4B-9D9552654B07}.Debug|x86.ActiveCfg = Debug|Win32
		{5A31A99E-0E32-4A43-BC4B-9D9552654B07}.Debug|x86.Build.0 = Debug|Win32
		{5A31A99E-0E32-4A43-BC4B-9D9552654B07}.Release|x64.ActiveCfg = Release|x64
		{5A31A99E-0E32-4A43-BC4B-9D9552654B07}.Release|x64.Build.0 = Release|x64
		{5A31A99E-0E32-4A43-BC4B-9D9552654B07}.Release|x86.ActiveCfg = Release|Win32
		{5A31A99E-0E32-4A43-BC4B-9D9552654B07}.Release|x86.Build.0 = Release|Win32
		{2943A026-569E-4B71-BBA0-3D3980437251}.Debug|x64.ActiveCfg = Debug|x64
		{2943A026-569E-4B71-BBA0-3D3980437251}.Debug|x64.Build.0 = Debug|x64
		{2943A026-569E-4B71-BBA0-3D3980437251}.Debug|x86.ActiveCfg = Debug|Win32
		{2943A026-569E-4B71-BBA0-3D3980437251}.Debug|x86.Build.0 = Debug|Win32
		{2943A026-569E-4B71-BBA0-3D3980437251}.Release|x64.ActiveCfg = Release|x64
		{2943A026-569E-4B71-BBA0-3D3980437251}.Release|x64.Build.0 = Release|x64
		{2943A026-569E-4B71-BBA0-3D3980437251}.Release|x86.ActiveCfg = Release|Win32
		{2943A026-569E-4B71-BBA0-3D3980437251}.Release|x86.Build.0 = Release|Win32
		{DBB5C3B6-4053-4AB5-BBB0-27C7BE081FB2}.Debug|x64.ActiveCfg = Debug|x64
		{DBB5C3B6-4053-4AB5-BBB0-27C7BE081FB2}.Debug|x64.Build.0 = Debug|x64
		{DBB5C3B6-4053-4AB5-BBB0-27C7BE081FB2}.Debug|x86.ActiveCfg = Debug|Win32
		{DBB5C3B6-4053-4AB5-BBB0-27C7BE081FB2}.Debug|x86.Build.0 = Debug|Win32
		{DBB5C3B6-4053-4AB5-BBB0-27C7BE081FB2}.Release|x64.ActiveCfg = Release|x64
		{DBB5C3B6-4053-4AB5-BBB0-27C7BE081FB2}.Release|x64.Build.0 = Release|x64
		{DBB5C3B6-4053-4AB5-BBB0-27C7BE081FB2}.Release|x86.ActiveCfg = Release|Win32
		{DBB5C3B6-4053-4AB5-BBB0-27C7BE081FB2}.Release|x86.Build.0 = Release|Win32
		{853A35A7-4BB6-4362-B9BA-B43D6CE6ACDF}.Debug|x64.ActiveCfg = Debug|x64
		{853A35A7-4BB6-4362-B9BA-B43D6CE6ACDF}.Debug|x64.Build.0 = Debug|x64
		{853A35A7-4BB6-4362-B9BA-B43D6CE6ACDF}.Debug|x86.ActiveCfg = Debug|Win32
		{853A35A7-4BB6-4362-B9BA-B43D6CE6ACDF}.Debug|x86.Build.0 = Debug|Win32
		{853A35A7-4BB6-4362-B9BA-B43D6CE6ACDF}.Release|x64.ActiveCfg = Release|x64
		{853A35A7-4BB6-4362-B9BA-B43D6CE6ACDF}.Release|x64.Build.0 = Release|x64
		{853A35A7-4BB6-4362-B9BA-B43D6CE6ACDF}.Release|x86.ActiveCfg = Release|Win32
		{853A35A7-4BB6-4362-B9BA-B43D6CE6ACDF}.Release|x86.Build.0 = Release|Win32
		{23093BEA-7550-4B4A-92D8-204F722128F4}.Debug|x64.ActiveCfg = Debug|x64
		{23093BEA-7550-4B4A-92D8-204F722128F4}.Debug|x64.Build.0 = Debug|x64
		{23093BEA-7550-4B4A-92D8-204F722128F4}.Debug|x86.ActiveCfg = Debug|Win32
		{23093BEA-7550-4B4A-92D8-204F722128F4}.Debug|x86.Build.0 = Debug|Win32
		{23093BEA-7550-4B4A-92D8-204F722128F4}.Release|x64.ActiveCfg = Release|x64
		{23093BEA-7550-4B4A-92D8-204F722128F4}.Release|x64.Build.0 = Release|x64
		{23093BEA-7550-4B4A-92D8-204F722128F4}.Release|x86.ActiveCfg = Release|Win32
		{23093BEA-7550-4B4A-92D8-204F722128F4}.Release|x86.Build.0 = Release|Win32
		{A383390A-4045-4C21-8D12-4FB91C1AD915}.Debug|x64.ActiveCfg = Debug|x64
		{A383390A-4045-4C21-8D12-4FB91C1AD915}.Debug|x64.Build.0 = Debug|x64
		{A383390A-4045-4C21-8D12-4FB91C1AD915}.Debug|x86.ActiveCfg = Debug|Win32
		{A383390A-4045-4C21-8D12-4FB91C1AD915}.Debug|x86.Build.0 = Debug|Win32
		{A383390A-4045-4C21-8D12-4FB91C1AD915}.Release|x64.ActiveCfg = Release|x64
		{A383390A-4045-4C21-8D12-4FB91C1AD915}.Release|x64.Build.0 = Release|x64
		{A383390A-4045-4C21-8D12-4FB91C1AD915}.Release|x86.ActiveCfg = Release|Win32
		{A383390A-4045-4C21-8D12-4FB91C1AD915}.Release|x86.Build.0 = Release|Win32
		{0B9A7BF7-BCDE-4098-9FEE-D638687945D7}.Debug|x64.ActiveCfg = Debug|x64
		{0B9A7BF7-BCDE-4098-9FEE-D638687945D7}.Debug|x64.Build.0 = Debug|x64
		{0B9A7BF7-BCDE-4098-9FEE-D638687945D7}.Debug|x86.ActiveCfg = Debug|Win32
		{0B9A7BF7-BCDE-4098-9FEE-D638687945D7}.Debug|x86.Build.0 = Debug|Win32
		{0B9A7BF7-BCDE-4098-9FEE-D638687945D7}.Release|x64.ActiveCfg = Release|x64
		{0B9A7BF7-BCDE-4098-9FEE-D638687945D7}.Release|x64.Build.0 = Release|x64
		{0B9A7BF7-BCDE-4098-9FEE-D638687945D7}.Release|x86.ActiveCfg = Release|Win32
		{0B9A7BF7-BCDE-4098-9FEE-D638687945D7}.Release|x86.Build.0 = Release|Win32
		{C04FE7D1-DE22-4210-81AD-9A60143EA4B0}.Debug|x64.ActiveCfg = Debug|x64
		{C04FE7D1-DE22-4210-81AD-9A60143EA4B0}.Debug|x64.Build.0 = Debug|x64
		{C04FE7D1-DE22-4210-81AD-9A60143EA4B0}.Debug|x86.ActiveCfg = Debug|Win32
		{C04FE7D1-DE22-4210-81AD-9A60143EA4B0}.Debug|x86.Build.0 = Debug|Win32
		{C04FE7D1-DE22-4210-81AD-9A60143EA4B0}.Release|x64.ActiveCfg = Release|x64
		{C04FE7D1-DE22-4210-81AD-9A60143EA4B0}.Release|x64.Build.0 = Release|x64
		{C04FE7D1-DE22-4210-81AD-9A60143EA4B0}.Release|x86.ActiveCfg = Release|Win32
		{C04FE7D1-DE22-4210-81AD-9A60143EA4B0}.Release|x86.Build.0 = Release|Win32
		{90A764BA-1C1C-4B5E-A337-52E1A684CA1A}.Debug|x64.ActiveCfg = Debug|x64
		{90A764BA-1C1C-4B5E-A337-52E1A684CA1A}.Debug|x64.Build.0 = Debug|x64
		{90A764BA-1C1C-4B5E-A337-52E1A684CA1A}.Debug|x86.ActiveCfg = Debug|Win32
		{90A764BA-1C1C-4B5E-A337-52E1A684CA1A}.Debug|x86.Build.0 = Debug|Win32
		{90A764BA-1C1C-4B5E-A337-52E1A684CA1A}.Release|x64.ActiveCfg = Release|x64
		{90A764BA-1C1C-4B5E-A337-52E1A684CA1A}.Release|x64.Build.0 = Release|x64
		{90A764BA-1C1C-4B5E-A337-52E1A684CA1A}.Release|x86.ActiveCfg = Release|Win32
		{90A764BA-1C1C-4B5E-A337-52E1A684CA1A}.Release|x86.Build.0 = Release|Win32
		{6FDD7A21-F5BB-4720-8A97-AFD2EB8273FA}.Debug|x64.ActiveCfg = Debug|x64
		{6FDD7A21-F5BB-4720-8A97-AFD2EB8273FA}.Debug|x64.Build.0 = Debug|x64
		{6FDD7A21-F5BB-4720-8A97-AFD2EB8273FA}.Debug|x86.ActiveCfg = Debug|Win32
		{6FDD7A21-F5BB-4720-8A97-AFD2EB8273FA}.Debug|x86.Build.0 = Debug|Win32
		{6FDD7A21-F5BB-4720-8A97-AFD2EB8273FA}.Release|x64.ActiveCfg = Release|x64
		{6FDD7A21-F5BB-4720-8A97-AFD2EB8273FA}.Release|x64.Build.0 = Release|x64
		{6FDD7A21-F5BB-4720-8A97-AFD2EB8273FA}.Release|x86.ActiveCfg = Release|Win32
		{6FDD7A21-F5BB-4720-8A97-AFD2EB8273FA}.Release|x86.Build.0 = Release|Win32
		{4B89624A-8874-4734-9DA9-B2447B37302B}.Debug|x64.ActiveCfg = Debug|x64
		{4B89624A-8874-4734-9DA9-B2447B37302B}.Debug|x64.Build.0 = Debug|x64
		{4B89624A-8874-4734-9DA9-B2447B37302B}.Debug|x86.ActiveCfg = Debug|Win32
		{4B89624A-8874-4734-9DA9-B2447B37302B}.Debug|x86.Build.0 = Debug|Win32
		{4B89624A-8874-4734-9DA9-B2447B37302B}.Release|x64.ActiveCfg = Release|x64
		{4B89624A-8874-4734-9DA9-B2447B37302B}.Release|x64.Build.0 = Release|x64
		{4B89624A-8874-4734-9DA9-B2447B37302B}.Release|x86.ActiveCfg = Release|Win32
		{4B89624A-8874-4734-9DA9-B2447B37302B}.Release|x86.Build.0 = Release|Win32
		{37E842E7-F1C5-4B04-8639-263EEE593DA0}.Debug|x64.ActiveCfg = Debug|x64
		{37E842E7-F1C5-4B04-8639-263EEE593DA0}.Debug|x64.Build.0 = Debug|x64
		{37E842E7-F1C5-4B04-8639-263EEE593DA0}.Debug|x86.ActiveCfg = Debug|Win32
		{37E842E7-F1C5-4B04-8639-263EEE593DA0}.Debug|x86.Build.0 = Debug|Win32
		{37E842E7-F1C5-4B04-8639-263EEE593DA0}.Release|x64.ActiveCfg = Release|x64
		{37E842E7-F1C5-4B04-8639-263EEE593DA0}.Release|x64.Build.0 = Release|x64
		{37E842E7-F1C5-4B04-8639-263EEE593DA0}.Release|x86.ActiveCfg = Release|Win32
		{37E842E7-F1C5-4B04-8639-263EEE593DA0}.Release|x86.Build.0 = Release|Win32
		{A54315EA-5F46-43AE-82DA-E997AEA12BDB}.Debug|x64.ActiveCfg = Debug|x64
		{A54315EA-5F46-43AE-82DA-E997AEA12BDB}.Debug|x64.Build.0 = Debug|x64
		{A54315EA-5F46-43AE-82DA-E997AEA12BDB}.Debug|x86.ActiveCfg = Debug|Win32
		{A54315EA-5F46-43AE-82DA-E997AEA12BDB}.Debug|x86.Build.0 = Debug|Win32
		{A54315EA-5F46-43AE-82DA-E997AEA12BDB}.Release|x64.ActiveCfg = Release|x64
		{A54315EA-5F46-43AE-82DA-E997AEA12BDB}.Release|x64.Build.0 = Release|x64
		{A54315EA-5F46-43AE-82DA-E997AEA12BDB}.Release|x86.ActiveCfg = Release|Win32
		{A54315EA-5F46-43AE-82DA-E997AEA12BDB}.Release|x86.Build.0 = Release|Win32
		{ADA9FA36-7559-4BB0-ADD7-C90981E55F4A}.Debug|x64.ActiveCfg = Debug|x64
		{ADA9FA36-7559-4BB0-ADD7-C90981E55F4A}.Debug|x64.Build.0 = Debug|x64
		{ADA9FA36-7559-4BB0-ADD7-C90981E55F4A}.Debug|x86.ActiveCfg = Debug|Win32
		{ADA9FA36-7559-4BB0-ADD7-C90981E55F4A}.Debug|x86.Build.0 = Debug|Win32
		{ADA9FA36-7559-4BB0-ADD7-C90981E55F4A}.Release|x64.ActiveCfg = Release|x64
		{ADA9FA36-7559-4BB0-ADD7-C90981E55F4A}.Release|x64.Build.0 = Release|x64
		{ADA9FA36-7559-4BB0-ADD7-C90981E55F4A}.Release|x86.ActiveCfg = Release|Win32
		{ADA9FA36-7559-4BB0-ADD7-C90981E55F4A}.Release|x86.Build.0 = Release|Win32
	EndGlobalSection
	GlobalSection(SolutionProperties) = preSolution
		HideSolutionNode = FALSE
	EndGlobalSection
	GlobalSection(ExtensibilityGlobals) = postSolution
		SolutionGuid = {F9A766D7-A92F-47FA-BFB2-50AD640FDA17}
	EndGlobalSection
EndGlobal
