
Microsoft Visual Studio Solution File, Format Version 12.00
# Visual Studio Version 16
VisualStudioVersion = 16.0.29324.140
MinimumVisualStudioVersion = 10.0.40219.1
Project("{8BC9CEB8-8B4A-11D0-8D11-00A0C91BC942}") = "YandexContest", "YandexContest\YandexContest.vcxproj", "{FC8098C5-4192-4C62-B69C-113ACFF0CCCA}"
EndProject
Project("{8BC9CEB8-8B4A-11D0-8D11-00A0C91BC942}") = "RemoveDuplicates", "RemoveDuplicates\RemoveDuplicates.vcxproj", "{5A31A99E-0E32-4A43-BC4B-9D9552654B07}"
EndProject
Project("{8BC9CEB8-8B4A-11D0-8D11-00A0C91BC942}") = "GenBrackets", "GenBrackets\GenBrackets.vcxproj", "{2943A026-569E-4B71-BBA0-3D3980437251}"
EndProject
Project("{8BC9CEB8-8B4A-11D0-8D11-00A0C91BC942}") = "kMerge", "kMerge\kMerge.vcxproj", "{DBB5C3B6-4053-4AB5-BBB0-27C7BE081FB2}"
EndProject
Project("{8BC9CEB8-8B4A-11D0-8D11-00A0C91BC942}") = "Test", "Test\Test.vcxproj", "{853A35A7-4BB6-4362-B9BA-B43D6CE6ACDF}"
EndProject
Project("{8BC9CEB8-8B4A-11D0-8D11-00A0C91BC942}") = "MergeOverlappingIntervals", "MergeOverlappingIntervals\MergeOverlappingIntervals.vcxproj", "{23093BEA-7550-4B4A-92D8-204F722128F4}"
EndProject
Project("{8BC9CEB8-8B4A-11D0-8D11-00A0C91BC942}") = "StonesAndJewels", "StonesAndJewels\StonesAndJewels.vcxproj", "{A383390A-4045-4C21-8D12-4FB91C1AD915}"
EndProject
Project("{8BC9CEB8-8B4A-11D0-8D11-00A0C91BC942}") = "DynProgCoinPurse", "DynProgCoinPurse\DynProgCoinPurse.vcxproj", "{0B9A7BF7-BCDE-4098-9FEE-D638687945D7}"
EndProject
Project("{8BC9CEB8-8B4A-11D0-8D11-00A0C91BC942}") = "OddPermutation", "OddPermutation\OddPermutation.vcxproj", "{C04FE7D1-DE22-4210-81AD-9A60143EA4B0}"
EndProject
Project("{8BC9CEB8-8B4A-11D0-8D11-00A0C91BC942}") = "MaxGroupMult", "MaxGroupMult\MaxGroupMult.vcxproj", "{90A764BA-1C1C-4B5E-A337-52E1A684CA1A}"
EndProject
Project("{8BC9CEB8-8B4A-11D0-8D11-00A0C91BC942}") = "Fork", "Fork\Fork.vcxproj", "{6FDD7A21-F5BB-4720-8A97-AFD2EB8273FA}"
EndProject
Project("{8BC9CEB8-8B4A-11D0-8D11-00A0C91BC942}") = "LSolve", "LSolve\LSolve.vcxproj", "{4B89624A-8874-4734-9DA9-B2447B37302B}"
EndProject
Project("{8BC9CEB8-8B4A-11D0-8D11-00A0C91BC942}") = "StringHashToVector", "StringHashToVector\StringHashToVector.vcxproj", "{37E842E7-F1C5-4B04-8639-263EEE593DA0}"
EndProject
Project("{8BC9CEB8-8B4A-11D0-8D11-00A0C91BC942}") = "BST_to_list", "BST_to_list\BST_to_list.vcxproj", "{A54315EA-5F46-43AE-82DA-E997AEA12BDB}"
EndProject
Project("{8BC9CEB8-8B4A-11D0-8D11-00A0C91BC942}") = "QuickSelect", "QuickSelect\QuickSelect.vcxproj", "{ADA9FA36-7559-4BB0-ADD7-C90981E55F4A}"
EndProject
Project("{8BC9CEB8-8B4A-11D0-8D11-00A0C91BC942}") = "BestSchedule", "BestSchedule\BestSchedule.vcxproj", "{5F07B58B-3AC8-47F4-9EA9-0821A45AFA96}"
EndProject
Project("{8BC9CEB8-8B4A-11D0-8D11-00A0C91BC942}") = "PrefixSearch", "PrefixSearch\PrefixSearch.vcxproj", "{3AB05B94-B330-4097-B1E3-9D987BFE52A4}"
EndProject
Project("{8BC9CEB8-8B4A-11D0-8D11-00A0C91BC942}") = "ShortestSubsequence", "ShortestSubsequence\ShortestSubsequence.vcxproj", "{A0893229-45EC-4630-9640-036A7AD65EC1}"
EndProject
Project("{8BC9CEB8-8B4A-11D0-8D11-00A0C91BC942}") = "WordTransformer", "WordTransformer\WordTransformer.vcxproj", "{ED5D83F0-B4C3-4E11-8376-CA44C6AA8327}"
EndProject
Project("{8BC9CEB8-8B4A-11D0-8D11-00A0C91BC942}") = "BuildOrderTopologicalSort", "BuildOrderTopologicalSort\BuildOrderTopologicalSort.vcxproj", "{D0210962-7957-488B-8158-2477C18D4516}"
EndProject
Project("{8BC9CEB8-8B4A-11D0-8D11-00A0C91BC942}") = "MatrixOfWords", "MatrixOfWords\MatrixOfWords.vcxproj", "{7ED9294D-BBA4-4D76-810B-4984FC211A1B}"
EndProject
Project("{8BC9CEB8-8B4A-11D0-8D11-00A0C91BC942}") = "LevelOrder", "LevelOrder\LevelOrder.vcxproj", "{2DE60718-74AA-4291-821A-CAD2C5CB7DBC}"
EndProject
Project("{8BC9CEB8-8B4A-11D0-8D11-00A0C91BC942}") = "List2BST", "List2BST\List2BST.vcxproj", "{FE102398-234B-4278-AD1D-4E9FC6228BB6}"
EndProject
Project("{8BC9CEB8-8B4A-11D0-8D11-00A0C91BC942}") = "MaxTreeDistance", "MaxTreeDistance\MaxTreeDistance.vcxproj", "{E28B066B-D069-41F4-9C1C-E3265FE63CA0}"
EndProject
Project("{8BC9CEB8-8B4A-11D0-8D11-00A0C91BC942}") = "MultiWordTransformer", "MultiWordTransformer\MultiWordTransformer.vcxproj", "{678FC6C5-AFA5-4352-A027-CB12B0AA0B93}"
EndProject
Project("{8BC9CEB8-8B4A-11D0-8D11-00A0C91BC942}") = "CommutableIslandsMST", "CommutableIslandsMST\CommutableIslandsMST.vcxproj", "{7E77E408-7E05-4C21-90C4-3339213B5523}"
EndProject
Project("{8BC9CEB8-8B4A-11D0-8D11-00A0C91BC942}") = "CloneGraph", "CloneGraph\CloneGraph.vcxproj", "{0BF23A05-2767-4F3F-90AB-55073C1C7107}"
EndProject
Project("{8BC9CEB8-8B4A-11D0-8D11-00A0C91BC942}") = "CombinationSumII", "CombinationSumII\CombinationSumII.vcxproj", "{5F06EF4B-226C-4464-86F6-118E3CAB58C4}"
EndProject
Project("{8BC9CEB8-8B4A-11D0-8D11-00A0C91BC942}") = "AllPermutationsOfUnique", "AllPermutationsOfUnique\AllPermutationsOfUnique.vcxproj", "{506E5FFD-254D-4CBF-8314-4BD93C3D4424}"
EndProject
Project("{8BC9CEB8-8B4A-11D0-8D11-00A0C91BC942}") = "KthPermutation", "KthPermutation\KthPermutation.vcxproj", "{849F7790-EC97-43AF-8923-8AEA6268D9E2}"
EndProject
Project("{8BC9CEB8-8B4A-11D0-8D11-00A0C91BC942}") = "ShortestUniquePrefix", "ShortestUniquePrefix\ShortestUniquePrefix.vcxproj", "{B75584DE-2D91-4848-A7FD-307A0A1B5031}"
EndProject
Project("{8BC9CEB8-8B4A-11D0-8D11-00A0C91BC942}") = "BinaryTreeToLinkedList", "BinaryTreeToLinkedList\BinaryTreeToLinkedList.vcxproj", "{71A12C4A-E9B8-4F2B-897B-AD630D3F0443}"
EndProject
Project("{8BC9CEB8-8B4A-11D0-8D11-00A0C91BC942}") = "BSTFromInAndPost", "BSTFromInAndPost\BSTFromInAndPost.vcxproj", "{24B1C074-2135-425B-A930-931D0932BD30}"
EndProject
Project("{8BC9CEB8-8B4A-11D0-8D11-00A0C91BC942}") = "KthElementInBST", "KthElementInBST\KthElementInBST.vcxproj", "{56450CCF-137F-4DBA-9DA6-503148D6B6CC}"
EndProject
Project("{8BC9CEB8-8B4A-11D0-8D11-00A0C91BC942}") = "LongestSubstringWithoutRepeat", "LongestSubstringWithoutRepeat\LongestSubstringWithoutRepeat.vcxproj", "{754B1F68-6D0E-4BE4-8CB5-7599BE44A429}"
EndProject
Project("{8BC9CEB8-8B4A-11D0-8D11-00A0C91BC942}") = "MaxSumPathBST", "MaxSumPathBST\MaxSumPathBST.vcxproj", "{E603A1D7-D6FB-47A8-A5D0-A0E76A224ABE}"
EndProject
Project("{8BC9CEB8-8B4A-11D0-8D11-00A0C91BC942}") = "HighestProductOf3", "HighestProductOf3\HighestProductOf3.vcxproj", "{2107268D-8678-49B4-B503-A84F84422C93}"
EndProject
Project("{8BC9CEB8-8B4A-11D0-8D11-00A0C91BC942}") = "ReorderForwardListInPlace", "ReorderForwardListInPlace\ReorderForwardListInPlace.vcxproj", "{AA730B6E-CBD9-4415-BDFA-37AB4B02C3FB}"
EndProject
Project("{8BC9CEB8-8B4A-11D0-8D11-00A0C91BC942}") = "CaptureRegionsOnBoard", "CaptureRegionsOnBoard\CaptureRegionsOnBoard.vcxproj", "{FD73355D-6DD2-4685-92F6-4F70B3C167CA}"
EndProject
Project("{8BC9CEB8-8B4A-11D0-8D11-00A0C91BC942}") = "2SumBST", "2SumBST\2SumBST.vcxproj", "{805489D0-AC0A-4804-81F5-DA58295AFDBE}"
EndProject
Project("{8BC9CEB8-8B4A-11D0-8D11-00A0C91BC942}") = "2BestTransactions", "2BestTransactions\2BestTransactions.vcxproj", "{AE902829-44D3-462F-9CB7-427135C151F8}"
EndProject
Project("{8BC9CEB8-8B4A-11D0-8D11-00A0C91BC942}") = "InsertionSortList", "InsertionSortList\InsertionSortList.vcxproj", "{A8E33666-B219-4F1C-89BB-C36C53075653}"
EndProject
Project("{8BC9CEB8-8B4A-11D0-8D11-00A0C91BC942}") = "PartitionList", "PartitionList\PartitionList.vcxproj", "{37005F65-1FFC-48F0-87EE-54501AEA5D00}"
EndProject
Project("{8BC9CEB8-8B4A-11D0-8D11-00A0C91BC942}") = "AtomicOperations", "AtomicOperations\AtomicOperations.vcxproj", "{CA64F0AF-8753-4334-9691-2FCF385E0708}"
EndProject
Project("{8BC9CEB8-8B4A-11D0-8D11-00A0C91BC942}") = "Benchmark", "Benchmark\Benchmark.vcxproj", "{68D93F70-2486-4957-BD78-61974DAC6180}"
EndProject
Project("{8BC9CEB8-8B4A-11D0-8D11-00A0C91BC942}") = "PhashCompare", "PhashCompare\PhashCompare.vcxproj", "{EA6A5141-236D-46B2-B9C7-FAEB1203924A}"
EndProject
Project("{8BC9CEB8-8B4A-11D0-8D11-00A0C91BC942}") = "VerticalLineDividesDots", "VerticalLineDividesDots\VerticalLineDividesDots.vcxproj", "{5E9F071A-5D4D-4694-9C1F-89DF9D7D4C37}"
EndProject
Project("{8BC9CEB8-8B4A-11D0-8D11-00A0C91BC942}") = "LongestSubarrayOfOnesAfterOneDeletion", "LongestSubarrayOfOnesAfterOneDeletion\LongestSubarrayOfOnesAfterOneDeletion.vcxproj", "{087DCF9E-739F-4741-9F1E-CC41CC725E49}"
EndProject
Project("{8BC9CEB8-8B4A-11D0-8D11-00A0C91BC942}") = "ConstructingArray1353D", "ConstructingArray1353D\ConstructingArray1353D.vcxproj", "{AA490D33-E293-4139-99FB-6E14AABDDAEF}"
EndProject
Project("{8BC9CEB8-8B4A-11D0-8D11-00A0C91BC942}") = "DFSStack", "DFSStack\DFSStack.vcxproj", "{7E18E569-82CD-4882-A703-EA2885EC4FF8}"
EndProject
Project("{8BC9CEB8-8B4A-11D0-8D11-00A0C91BC942}") = "DFSStackColor", "DFSStackColor\DFSStackColor.vcxproj", "{C51025BB-E399-4D76-81F6-523CBBEC987D}"
EndProject
Global
	GlobalSection(SolutionConfigurationPlatforms) = preSolution
		Debug|x64 = Debug|x64
		Debug|x86 = Debug|x86
		Release|x64 = Release|x64
		Release|x86 = Release|x86
	EndGlobalSection
	GlobalSection(ProjectConfigurationPlatforms) = postSolution
		{FC8098C5-4192-4C62-B69C-113ACFF0CCCA}.Debug|x64.ActiveCfg = Debug|x64
		{FC8098C5-4192-4C62-B69C-113ACFF0CCCA}.Debug|x64.Build.0 = Debug|x64
		{FC8098C5-4192-4C62-B69C-113ACFF0CCCA}.Debug|x86.ActiveCfg = Debug|Win32
		{FC8098C5-4192-4C62-B69C-113ACFF0CCCA}.Debug|x86.Build.0 = Debug|Win32
		{FC8098C5-4192-4C62-B69C-113ACFF0CCCA}.Release|x64.ActiveCfg = Release|x64
		{FC8098C5-4192-4C62-B69C-113ACFF0CCCA}.Release|x64.Build.0 = Release|x64
		{FC8098C5-4192-4C62-B69C-113ACFF0CCCA}.Release|x86.ActiveCfg = Release|Win32
		{FC8098C5-4192-4C62-B69C-113ACFF0CCCA}.Release|x86.Build.0 = Release|Win32
		{5A31A99E-0E32-4A43-BC4B-9D9552654B07}.Debug|x64.ActiveCfg = Debug|x64
		{5A31A99E-0E32-4A43-BC4B-9D9552654B07}.Debug|x64.Build.0 = Debug|x64
		{5A31A99E-0E32-4A43-BC4B-9D9552654B07}.Debug|x86.ActiveCfg = Debug|Win32
		{5A31A99E-0E32-4A43-BC4B-9D9552654B07}.Debug|x86.Build.0 = Debug|Win32
		{5A31A99E-0E32-4A43-BC4B-9D9552654B07}.Release|x64.ActiveCfg = Release|x64
		{5A31A99E-0E32-4A43-BC4B-9D9552654B07}.Release|x64.Build.0 = Release|x64
		{5A31A99E-0E32-4A43-BC4B-9D9552654B07}.Release|x86.ActiveCfg = Release|Win32
		{5A31A99E-0E32-4A43-BC4B-9D9552654B07}.Release|x86.Build.0 = Release|Win32
		{2943A026-569E-4B71-BBA0-3D3980437251}.Debug|x64.ActiveCfg = Debug|x64
		{2943A026-569E-4B71-BBA0-3D3980437251}.Debug|x64.Build.0 = Debug|x64
		{2943A026-569E-4B71-BBA0-3D3980437251}.Debug|x86.ActiveCfg = Debug|Win32
		{2943A026-569E-4B71-BBA0-3D3980437251}.Debug|x86.Build.0 = Debug|Win32
		{2943A026-569E-4B71-BBA0-3D3980437251}.Release|x64.ActiveCfg = Release|x64
		{2943A026-569E-4B71-BBA0-3D3980437251}.Release|x64.Build.0 = Release|x64
		{2943A026-569E-4B71-BBA0-3D3980437251}.Release|x86.ActiveCfg = Release|Win32
		{2943A026-569E-4B71-BBA0-3D3980437251}.Release|x86.Build.0 = Release|Win32
		{DBB5C3B6-4053-4AB5-BBB0-27C7BE081FB2}.Debug|x64.ActiveCfg = Debug|x64
		{DBB5C3B6-4053-4AB5-BBB0-27C7BE081FB2}.Debug|x64.Build.0 = Debug|x64
		{DBB5C3B6-4053-4AB5-BBB0-27C7BE081FB2}.Debug|x86.ActiveCfg = Debug|Win32
		{DBB5C3B6-4053-4AB5-BBB0-27C7BE081FB2}.Debug|x86.Build.0 = Debug|Win32
		{DBB5C3B6-4053-4AB5-BBB0-27C7BE081FB2}.Release|x64.ActiveCfg = Release|x64
		{DBB5C3B6-4053-4AB5-BBB0-27C7BE081FB2}.Release|x64.Build.0 = Release|x64
		{DBB5C3B6-4053-4AB5-BBB0-27C7BE081FB2}.Release|x86.ActiveCfg = Release|Win32
		{DBB5C3B6-4053-4AB5-BBB0-27C7BE081FB2}.Release|x86.Build.0 = Release|Win32
		{853A35A7-4BB6-4362-B9BA-B43D6CE6ACDF}.Debug|x64.ActiveCfg = Debug|x64
		{853A35A7-4BB6-4362-B9BA-B43D6CE6ACDF}.Debug|x64.Build.0 = Debug|x64
		{853A35A7-4BB6-4362-B9BA-B43D6CE6ACDF}.Debug|x86.ActiveCfg = Debug|Win32
		{853A35A7-4BB6-4362-B9BA-B43D6CE6ACDF}.Debug|x86.Build.0 = Debug|Win32
		{853A35A7-4BB6-4362-B9BA-B43D6CE6ACDF}.Release|x64.ActiveCfg = Release|x64
		{853A35A7-4BB6-4362-B9BA-B43D6CE6ACDF}.Release|x64.Build.0 = Release|x64
		{853A35A7-4BB6-4362-B9BA-B43D6CE6ACDF}.Release|x86.ActiveCfg = Release|Win32
		{853A35A7-4BB6-4362-B9BA-B43D6CE6ACDF}.Release|x86.Build.0 = Release|Win32
		{23093BEA-7550-4B4A-92D8-204F722128F4}.Debug|x64.ActiveCfg = Debug|x64
		{23093BEA-7550-4B4A-92D8-204F722128F4}.Debug|x64.Build.0 = Debug|x64
		{23093BEA-7550-4B4A-92D8-204F722128F4}.Debug|x86.ActiveCfg = Debug|Win32
		{23093BEA-7550-4B4A-92D8-204F722128F4}.Debug|x86.Build.0 = Debug|Win32
		{23093BEA-7550-4B4A-92D8-204F722128F4}.Release|x64.ActiveCfg = Release|x64
		{23093BEA-7550-4B4A-92D8-204F722128F4}.Release|x64.Build.0 = Release|x64
		{23093BEA-7550-4B4A-92D8-204F722128F4}.Release|x86.ActiveCfg = Release|Win32
		{23093BEA-7550-4B4A-92D8-204F722128F4}.Release|x86.Build.0 = Release|Win32
		{A383390A-4045-4C21-8D12-4FB91C1AD915}.Debug|x64.ActiveCfg = Debug|x64
		{A383390A-4045-4C21-8D12-4FB91C1AD915}.Debug|x64.Build.0 = Debug|x64
		{A383390A-4045-4C21-8D12-4FB91C1AD915}.Debug|x86.ActiveCfg = Debug|Win32
		{A383390A-4045-4C21-8D12-4FB91C1AD915}.Debug|x86.Build.0 = Debug|Win32
		{A383390A-4045-4C21-8D12-4FB91C1AD915}.Release|x64.ActiveCfg = Release|x64
		{A383390A-4045-4C21-8D12-4FB91C1AD915}.Release|x64.Build.0 = Release|x64
		{A383390A-4045-4C21-8D12-4FB91C1AD915}.Release|x86.ActiveCfg = Release|Win32
		{A383390A-4045-4C21-8D12-4FB91C1AD915}.Release|x86.Build.0 = Release|Win32
		{0B9A7BF7-BCDE-4098-9FEE-D638687945D7}.Debug|x64.ActiveCfg = Debug|x64
		{0B9A7BF7-BCDE-4098-9FEE-D638687945D7}.Debug|x64.Build.0 = Debug|x64
		{0B9A7BF7-BCDE-4098-9FEE-D638687945D7}.Debug|x86.ActiveCfg = Debug|Win32
		{0B9A7BF7-BCDE-4098-9FEE-D638687945D7}.Debug|x86.Build.0 = Debug|Win32
		{0B9A7BF7-BCDE-4098-9FEE-D638687945D7}.Release|x64.ActiveCfg = Release|x64
		{0B9A7BF7-BCDE-4098-9FEE-D638687945D7}.Release|x64.Build.0 = Release|x64
		{0B9A7BF7-BCDE-4098-9FEE-D638687945D7}.Release|x86.ActiveCfg = Release|Win32
		{0B9A7BF7-BCDE-4098-9FEE-D638687945D7}.Release|x86.Build.0 = Release|Win32
		{C04FE7D1-DE22-4210-81AD-9A60143EA4B0}.Debug|x64.ActiveCfg = Debug|x64
		{C04FE7D1-DE22-4210-81AD-9A60143EA4B0}.Debug|x64.Build.0 = Debug|x64
		{C04FE7D1-DE22-4210-81AD-9A60143EA4B0}.Debug|x86.ActiveCfg = Debug|Win32
		{C04FE7D1-DE22-4210-81AD-9A60143EA4B0}.Debug|x86.Build.0 = Debug|Win32
		{C04FE7D1-DE22-4210-81AD-9A60143EA4B0}.Release|x64.ActiveCfg = Release|x64
		{C04FE7D1-DE22-4210-81AD-9A60143EA4B0}.Release|x64.Build.0 = Release|x64
		{C04FE7D1-DE22-4210-81AD-9A60143EA4B0}.Release|x86.ActiveCfg = Release|Win32
		{C04FE7D1-DE22-4210-81AD-9A60143EA4B0}.Release|x86.Build.0 = Release|Win32
		{90A764BA-1C1C-4B5E-A337-52E1A684CA1A}.Debug|x64.ActiveCfg = Debug|x64
		{90A764BA-1C1C-4B5E-A337-52E1A684CA1A}.Debug|x64.Build.0 = Debug|x64
		{90A764BA-1C1C-4B5E-A337-52E1A684CA1A}.Debug|x86.ActiveCfg = Debug|Win32
		{90A764BA-1C1C-4B5E-A337-52E1A684CA1A}.Debug|x86.Build.0 = Debug|Win32
		{90A764BA-1C1C-4B5E-A337-52E1A684CA1A}.Release|x64.ActiveCfg = Release|x64
		{90A764BA-1C1C-4B5E-A337-52E1A684CA1A}.Release|x64.Build.0 = Release|x64
		{90A764BA-1C1C-4B5E-A337-52E1A684CA1A}.Release|x86.ActiveCfg = Release|Win32
		{90A764BA-1C1C-4B5E-A337-52E1A684CA1A}.Release|x86.Build.0 = Release|Win32
		{6FDD7A21-F5BB-4720-8A97-AFD2EB8273FA}.Debug|x64.ActiveCfg = Debug|x64
		{6FDD7A21-F5BB-4720-8A97-AFD2EB8273FA}.Debug|x64.Build.0 = Debug|x64
		{6FDD7A21-F5BB-4720-8A97-AFD2EB8273FA}.Debug|x86.ActiveCfg = Debug|Win32
		{6FDD7A21-F5BB-4720-8A97-AFD2EB8273FA}.Debug|x86.Build.0 = Debug|Win32
		{6FDD7A21-F5BB-4720-8A97-AFD2EB8273FA}.Release|x64.ActiveCfg = Release|x64
		{6FDD7A21-F5BB-4720-8A97-AFD2EB8273FA}.Release|x64.Build.0 = Release|x64
		{6FDD7A21-F5BB-4720-8A97-AFD2EB8273FA}.Release|x86.ActiveCfg = Release|Win32
		{6FDD7A21-F5BB-4720-8A97-AFD2EB8273FA}.Release|x86.Build.0 = Release|Win32
		{4B89624A-8874-4734-9DA9-B2447B37302B}.Debug|x64.ActiveCfg = Debug|x64
		{4B89624A-8874-4734-9DA9-B2447B37302B}.Debug|x64.Build.0 = Debug|x64
		{4B89624A-8874-4734-9DA9-B2447B37302B}.Debug|x86.ActiveCfg = Debug|Win32
		{4B89624A-8874-4734-9DA9-B2447B37302B}.Debug|x86.Build.0 = Debug|Win32
		{4B89624A-8874-4734-9DA9-B2447B37302B}.Release|x64.ActiveCfg = Release|x64
		{4B89624A-8874-4734-9DA9-B2447B37302B}.Release|x64.Build.0 = Release|x64
		{4B89624A-8874-4734-9DA9-B2447B37302B}.Release|x86.ActiveCfg = Release|Win32
		{4B89624A-8874-4734-9DA9-B2447B37302B}.Release|x86.Build.0 = Release|Win32
		{37E842E7-F1C5-4B04-8639-263EEE593DA0}.Debug|x64.ActiveCfg = Debug|x64
		{37E842E7-F1C5-4B04-8639-263EEE593DA0}.Debug|x64.Build.0 = Debug|x64
		{37E842E7-F1C5-4B04-8639-263EEE593DA0}.Debug|x86.ActiveCfg = Debug|Win32
		{37E842E7-F1C5-4B04-8639-263EEE593DA0}.Debug|x86.Build.0 = Debug|Win32
		{37E842E7-F1C5-4B04-8639-263EEE593DA0}.Release|x64.ActiveCfg = Release|x64
		{37E842E7-F1C5-4B04-8639-263EEE593DA0}.Release|x64.Build.0 = Release|x64
		{37E842E7-F1C5-4B04-8639-263EEE593DA0}.Release|x86.ActiveCfg = Release|Win32
		{37E842E7-F1C5-4B04-8639-263EEE593DA0}.Release|x86.Build.0 = Release|Win32
		{A54315EA-5F46-43AE-82DA-E997AEA12BDB}.Debug|x64.ActiveCfg = Debug|x64
		{A54315EA-5F46-43AE-82DA-E997AEA12BDB}.Debug|x64.Build.0 = Debug|x64
		{A54315EA-5F46-43AE-82DA-E997AEA12BDB}.Debug|x86.ActiveCfg = Debug|Win32
		{A54315EA-5F46-43AE-82DA-E997AEA12BDB}.Debug|x86.Build.0 = Debug|Win32
		{A54315EA-5F46-43AE-82DA-E997AEA12BDB}.Release|x64.ActiveCfg = Release|x64
		{A54315EA-5F46-43AE-82DA-E997AEA12BDB}.Release|x64.Build.0 = Release|x64
		{A54315EA-5F46-43AE-82DA-E997AEA12BDB}.Release|x86.ActiveCfg = Release|Win32
		{A54315EA-5F46-43AE-82DA-E997AEA12BDB}.Release|x86.Build.0 = Release|Win32
		{ADA9FA36-7559-4BB0-ADD7-C90981E55F4A}.Debug|x64.ActiveCfg = Debug|x64
		{ADA9FA36-7559-4BB0-ADD7-C90981E55F4A}.Debug|x64.Build.0 = Debug|x64
		{ADA9FA36-7559-4BB0-ADD7-C90981E55F4A}.Debug|x86.ActiveCfg = Debug|Win32
		{ADA9FA36-7559-4BB0-ADD7-C90981E55F4A}.Debug|x86.Build.0 = Debug|Win32
		{ADA9FA36-7559-4BB0-ADD7-C90981E55F4A}.Release|x64.ActiveCfg = Release|x64
		{ADA9FA36-7559-4BB0-ADD7-C90981E55F4A}.Release|x64.Build.0 = Release|x64
		{ADA9FA36-7559-4BB0-ADD7-C90981E55F4A}.Release|x86.ActiveCfg = Release|Win32
		{ADA9FA36-7559-4BB0-ADD7-C90981E55F4A}.Release|x86.Build.0 = Release|Win32
		{5F07B58B-3AC8-47F4-9EA9-0821A45AFA96}.Debug|x64.ActiveCfg = Debug|x64
		{5F07B58B-3AC8-47F4-9EA9-0821A45AFA96}.Debug|x64.Build.0 = Debug|x64
		{5F07B58B-3AC8-47F4-9EA9-0821A45AFA96}.Debug|x86.ActiveCfg = Debug|Win32
		{5F07B58B-3AC8-47F4-9EA9-0821A45AFA96}.Debug|x86.Build.0 = Debug|Win32
		{5F07B58B-3AC8-47F4-9EA9-0821A45AFA96}.Release|x64.ActiveCfg = Release|x64
		{5F07B58B-3AC8-47F4-9EA9-0821A45AFA96}.Release|x64.Build.0 = Release|x64
		{5F07B58B-3AC8-47F4-9EA9-0821A45AFA96}.Release|x86.ActiveCfg = Release|Win32
		{5F07B58B-3AC8-47F4-9EA9-0821A45AFA96}.Release|x86.Build.0 = Release|Win32
		{3AB05B94-B330-4097-B1E3-9D987BFE52A4}.Debug|x64.ActiveCfg = Debug|x64
		{3AB05B94-B330-4097-B1E3-9D987BFE52A4}.Debug|x64.Build.0 = Debug|x64
		{3AB05B94-B330-4097-B1E3-9D987BFE52A4}.Debug|x86.ActiveCfg = Debug|Win32
		{3AB05B94-B330-4097-B1E3-9D987BFE52A4}.Debug|x86.Build.0 = Debug|Win32
		{3AB05B94-B330-4097-B1E3-9D987BFE52A4}.Release|x64.ActiveCfg = Release|x64
		{3AB05B94-B330-4097-B1E3-9D987BFE52A4}.Release|x64.Build.0 = Release|x64
		{3AB05B94-B330-4097-B1E3-9D987BFE52A4}.Release|x86.ActiveCfg = Release|Win32
		{3AB05B94-B330-4097-B1E3-9D987BFE52A4}.Release|x86.Build.0 = Release|Win32
		{A0893229-45EC-4630-9640-036A7AD65EC1}.Debug|x64.ActiveCfg = Debug|x64
		{A0893229-45EC-4630-9640-036A7AD65EC1}.Debug|x64.Build.0 = Debug|x64
		{A0893229-45EC-4630-9640-036A7AD65EC1}.Debug|x86.ActiveCfg = Debug|Win32
		{A0893229-45EC-4630-9640-036A7AD65EC1}.Debug|x86.Build.0 = Debug|Win32
		{A0893229-45EC-4630-9640-036A7AD65EC1}.Release|x64.ActiveCfg = Release|x64
		{A0893229-45EC-4630-9640-036A7AD65EC1}.Release|x64.Build.0 = Release|x64
		{A0893229-45EC-4630-9640-036A7AD65EC1}.Release|x86.ActiveCfg = Release|Win32
		{A0893229-45EC-4630-9640-036A7AD65EC1}.Release|x86.Build.0 = Release|Win32
		{ED5D83F0-B4C3-4E11-8376-CA44C6AA8327}.Debug|x64.ActiveCfg = Debug|x64
		{ED5D83F0-B4C3-4E11-8376-CA44C6AA8327}.Debug|x64.Build.0 = Debug|x64
		{ED5D83F0-B4C3-4E11-8376-CA44C6AA8327}.Debug|x86.ActiveCfg = Debug|Win32
		{ED5D83F0-B4C3-4E11-8376-CA44C6AA8327}.Debug|x86.Build.0 = Debug|Win32
		{ED5D83F0-B4C3-4E11-8376-CA44C6AA8327}.Release|x64.ActiveCfg = Release|x64
		{ED5D83F0-B4C3-4E11-8376-CA44C6AA8327}.Release|x64.Build.0 = Release|x64
		{ED5D83F0-B4C3-4E11-8376-CA44C6AA8327}.Release|x86.ActiveCfg = Release|Win32
		{ED5D83F0-B4C3-4E11-8376-CA44C6AA8327}.Release|x86.Build.0 = Release|Win32
		{D0210962-7957-488B-8158-2477C18D4516}.Debug|x64.ActiveCfg = Debug|x64
		{D0210962-7957-488B-8158-2477C18D4516}.Debug|x64.Build.0 = Debug|x64
		{D0210962-7957-488B-8158-2477C18D4516}.Debug|x86.ActiveCfg = Debug|Win32
		{D0210962-7957-488B-8158-2477C18D4516}.Debug|x86.Build.0 = Debug|Win32
		{D0210962-7957-488B-8158-2477C18D4516}.Release|x64.ActiveCfg = Release|x64
		{D0210962-7957-488B-8158-2477C18D4516}.Release|x64.Build.0 = Release|x64
		{D0210962-7957-488B-8158-2477C18D4516}.Release|x86.ActiveCfg = Release|Win32
		{D0210962-7957-488B-8158-2477C18D4516}.Release|x86.Build.0 = Release|Win32
		{7ED9294D-BBA4-4D76-810B-4984FC211A1B}.Debug|x64.ActiveCfg = Debug|x64
		{7ED9294D-BBA4-4D76-810B-4984FC211A1B}.Debug|x64.Build.0 = Debug|x64
		{7ED9294D-BBA4-4D76-810B-4984FC211A1B}.Debug|x86.ActiveCfg = Debug|Win32
		{7ED9294D-BBA4-4D76-810B-4984FC211A1B}.Debug|x86.Build.0 = Debug|Win32
		{7ED9294D-BBA4-4D76-810B-4984FC211A1B}.Release|x64.ActiveCfg = Release|x64
		{7ED9294D-BBA4-4D76-810B-4984FC211A1B}.Release|x64.Build.0 = Release|x64
		{7ED9294D-BBA4-4D76-810B-4984FC211A1B}.Release|x86.ActiveCfg = Release|Win32
		{7ED9294D-BBA4-4D76-810B-4984FC211A1B}.Release|x86.Build.0 = Release|Win32
		{2DE60718-74AA-4291-821A-CAD2C5CB7DBC}.Debug|x64.ActiveCfg = Debug|x64
		{2DE60718-74AA-4291-821A-CAD2C5CB7DBC}.Debug|x64.Build.0 = Debug|x64
		{2DE60718-74AA-4291-821A-CAD2C5CB7DBC}.Debug|x86.ActiveCfg = Debug|Win32
		{2DE60718-74AA-4291-821A-CAD2C5CB7DBC}.Debug|x86.Build.0 = Debug|Win32
		{2DE60718-74AA-4291-821A-CAD2C5CB7DBC}.Release|x64.ActiveCfg = Release|x64
		{2DE60718-74AA-4291-821A-CAD2C5CB7DBC}.Release|x64.Build.0 = Release|x64
		{2DE60718-74AA-4291-821A-CAD2C5CB7DBC}.Release|x86.ActiveCfg = Release|Win32
		{2DE60718-74AA-4291-821A-CAD2C5CB7DBC}.Release|x86.Build.0 = Release|Win32
		{FE102398-234B-4278-AD1D-4E9FC6228BB6}.Debug|x64.ActiveCfg = Debug|x64
		{FE102398-234B-4278-AD1D-4E9FC6228BB6}.Debug|x64.Build.0 = Debug|x64
		{FE102398-234B-4278-AD1D-4E9FC6228BB6}.Debug|x86.ActiveCfg = Debug|Win32
		{FE102398-234B-4278-AD1D-4E9FC6228BB6}.Debug|x86.Build.0 = Debug|Win32
		{FE102398-234B-4278-AD1D-4E9FC6228BB6}.Release|x64.ActiveCfg = Release|x64
		{FE102398-234B-4278-AD1D-4E9FC6228BB6}.Release|x64.Build.0 = Release|x64
		{FE102398-234B-4278-AD1D-4E9FC6228BB6}.Release|x86.ActiveCfg = Release|Win32
		{FE102398-234B-4278-AD1D-4E9FC6228BB6}.Release|x86.Build.0 = Release|Win32
		{E28B066B-D069-41F4-9C1C-E3265FE63CA0}.Debug|x64.ActiveCfg = Debug|x64
		{E28B066B-D069-41F4-9C1C-E3265FE63CA0}.Debug|x64.Build.0 = Debug|x64
		{E28B066B-D069-41F4-9C1C-E3265FE63CA0}.Debug|x86.ActiveCfg = Debug|Win32
		{E28B066B-D069-41F4-9C1C-E3265FE63CA0}.Debug|x86.Build.0 = Debug|Win32
		{E28B066B-D069-41F4-9C1C-E3265FE63CA0}.Release|x64.ActiveCfg = Release|x64
		{E28B066B-D069-41F4-9C1C-E3265FE63CA0}.Release|x64.Build.0 = Release|x64
		{E28B066B-D069-41F4-9C1C-E3265FE63CA0}.Release|x86.ActiveCfg = Release|Win32
		{E28B066B-D069-41F4-9C1C-E3265FE63CA0}.Release|x86.Build.0 = Release|Win32
		{678FC6C5-AFA5-4352-A027-CB12B0AA0B93}.Debug|x64.ActiveCfg = Debug|x64
		{678FC6C5-AFA5-4352-A027-CB12B0AA0B93}.Debug|x64.Build.0 = Debug|x64
		{678FC6C5-AFA5-4352-A027-CB12B0AA0B93}.Debug|x86.ActiveCfg = Debug|Win32
		{678FC6C5-AFA5-4352-A027-CB12B0AA0B93}.Debug|x86.Build.0 = Debug|Win32
		{678FC6C5-AFA5-4352-A027-CB12B0AA0B93}.Release|x64.ActiveCfg = Release|x64
		{678FC6C5-AFA5-4352-A027-CB12B0AA0B93}.Release|x64.Build.0 = Release|x64
		{678FC6C5-AFA5-4352-A027-CB12B0AA0B93}.Release|x86.ActiveCfg = Release|Win32
		{678FC6C5-AFA5-4352-A027-CB12B0AA0B93}.Release|x86.Build.0 = Release|Win32
		{7E77E408-7E05-4C21-90C4-3339213B5523}.Debug|x64.ActiveCfg = Debug|x64
		{7E77E408-7E05-4C21-90C4-3339213B5523}.Debug|x64.Build.0 = Debug|x64
		{7E77E408-7E05-4C21-90C4-3339213B5523}.Debug|x86.ActiveCfg = Debug|Win32
		{7E77E408-7E05-4C21-90C4-3339213B5523}.Debug|x86.Build.0 = Debug|Win32
		{7E77E408-7E05-4C21-90C4-3339213B5523}.Release|x64.ActiveCfg = Release|x64
		{7E77E408-7E05-4C21-90C4-3339213B5523}.Release|x64.Build.0 = Release|x64
		{7E77E408-7E05-4C21-90C4-3339213B5523}.Release|x86.ActiveCfg = Release|Win32
		{7E77E408-7E05-4C21-90C4-3339213B5523}.Release|x86.Build.0 = Release|Win32
		{0BF23A05-2767-4F3F-90AB-55073C1C7107}.Debug|x64.ActiveCfg = Debug|x64
		{0BF23A05-2767-4F3F-90AB-55073C1C7107}.Debug|x64.Build.0 = Debug|x64
		{0BF23A05-2767-4F3F-90AB-55073C1C7107}.Debug|x86.ActiveCfg = Debug|Win32
		{0BF23A05-2767-4F3F-90AB-55073C1C7107}.Debug|x86.Build.0 = Debug|Win32
		{0BF23A05-2767-4F3F-90AB-55073C1C7107}.Release|x64.ActiveCfg = Release|x64
		{0BF23A05-2767-4F3F-90AB-55073C1C7107}.Release|x64.Build.0 = Release|x64
		{0BF23A05-2767-4F3F-90AB-55073C1C7107}.Release|x86.ActiveCfg = Release|Win32
		{0BF23A05-2767-4F3F-90AB-55073C1C7107}.Release|x86.Build.0 = Release|Win32
		{5F06EF4B-226C-4464-86F6-118E3CAB58C4}.Debug|x64.ActiveCfg = Debug|x64
		{5F06EF4B-226C-4464-86F6-118E3CAB58C4}.Debug|x64.Build.0 = Debug|x64
		{5F06EF4B-226C-4464-86F6-118E3CAB58C4}.Debug|x86.ActiveCfg = Debug|Win32
		{5F06EF4B-226C-4464-86F6-118E3CAB58C4}.Debug|x86.Build.0 = Debug|Win32
		{5F06EF4B-226C-4464-86F6-118E3CAB58C4}.Release|x64.ActiveCfg = Release|x64
		{5F06EF4B-226C-4464-86F6-118E3CAB58C4}.Release|x64.Build.0 = Release|x64
		{5F06EF4B-226C-4464-86F6-118E3CAB58C4}.Release|x86.ActiveCfg = Release|Win32
		{5F06EF4B-226C-4464-86F6-118E3CAB58C4}.Release|x86.Build.0 = Release|Win32
		{506E5FFD-254D-4CBF-8314-4BD93C3D4424}.Debug|x64.ActiveCfg = Debug|x64
		{506E5FFD-254D-4CBF-8314-4BD93C3D4424}.Debug|x64.Build.0 = Debug|x64
		{506E5FFD-254D-4CBF-8314-4BD93C3D4424}.Debug|x86.ActiveCfg = Debug|Win32
		{506E5FFD-254D-4CBF-8314-4BD93C3D4424}.Debug|x86.Build.0 = Debug|Win32
		{506E5FFD-254D-4CBF-8314-4BD93C3D4424}.Release|x64.ActiveCfg = Release|x64
		{506E5FFD-254D-4CBF-8314-4BD93C3D4424}.Release|x64.Build.0 = Release|x64
		{506E5FFD-254D-4CBF-8314-4BD93C3D4424}.Release|x86.ActiveCfg = Release|Win32
		{506E5FFD-254D-4CBF-8314-4BD93C3D4424}.Release|x86.Build.0 = Release|Win32
		{849F7790-EC97-43AF-8923-8AEA6268D9E2}.Debug|x64.ActiveCfg = Debug|x64
		{849F7790-EC97-43AF-8923-8AEA6268D9E2}.Debug|x64.Build.0 = Debug|x64
		{849F7790-EC97-43AF-8923-8AEA6268D9E2}.Debug|x86.ActiveCfg = Debug|Win32
		{849F7790-EC97-43AF-8923-8AEA6268D9E2}.Debug|x86.Build.0 = Debug|Win32
		{849F7790-EC97-43AF-8923-8AEA6268D9E2}.Release|x64.ActiveCfg = Release|x64
		{849F7790-EC97-43AF-8923-8AEA6268D9E2}.Release|x64.Build.0 = Release|x64
		{849F7790-EC97-43AF-8923-8AEA6268D9E2}.Release|x86.ActiveCfg = Release|Win32
		{849F7790-EC97-43AF-8923-8AEA6268D9E2}.Release|x86.Build.0 = Release|Win32
		{B75584DE-2D91-4848-A7FD-307A0A1B5031}.Debug|x64.ActiveCfg = Debug|x64
		{B75584DE-2D91-4848-A7FD-307A0A1B5031}.Debug|x64.Build.0 = Debug|x64
		{B75584DE-2D91-4848-A7FD-307A0A1B5031}.Debug|x86.ActiveCfg = Debug|Win32
		{B75584DE-2D91-4848-A7FD-307A0A1B5031}.Debug|x86.Build.0 = Debug|Win32
		{B75584DE-2D91-4848-A7FD-307A0A1B5031}.Release|x64.ActiveCfg = Release|x64
		{B75584DE-2D91-4848-A7FD-307A0A1B5031}.Release|x64.Build.0 = Release|x64
		{B75584DE-2D91-4848-A7FD-307A0A1B5031}.Release|x86.ActiveCfg = Release|Win32
		{B75584DE-2D91-4848-A7FD-307A0A1B5031}.Release|x86.Build.0 = Release|Win32
		{71A12C4A-E9B8-4F2B-897B-AD630D3F0443}.Debug|x64.ActiveCfg = Debug|x64
		{71A12C4A-E9B8-4F2B-897B-AD630D3F0443}.Debug|x64.Build.0 = Debug|x64
		{71A12C4A-E9B8-4F2B-897B-AD630D3F0443}.Debug|x86.ActiveCfg = Debug|Win32
		{71A12C4A-E9B8-4F2B-897B-AD630D3F0443}.Debug|x86.Build.0 = Debug|Win32
		{71A12C4A-E9B8-4F2B-897B-AD630D3F0443}.Release|x64.ActiveCfg = Release|x64
		{71A12C4A-E9B8-4F2B-897B-AD630D3F0443}.Release|x64.Build.0 = Release|x64
		{71A12C4A-E9B8-4F2B-897B-AD630D3F0443}.Release|x86.ActiveCfg = Release|Win32
		{71A12C4A-E9B8-4F2B-897B-AD630D3F0443}.Release|x86.Build.0 = Release|Win32
		{24B1C074-2135-425B-A930-931D0932BD30}.Debug|x64.ActiveCfg = Debug|x64
		{24B1C074-2135-425B-A930-931D0932BD30}.Debug|x64.Build.0 = Debug|x64
		{24B1C074-2135-425B-A930-931D0932BD30}.Debug|x86.ActiveCfg = Debug|Win32
		{24B1C074-2135-425B-A930-931D0932BD30}.Debug|x86.Build.0 = Debug|Win32
		{24B1C074-2135-425B-A930-931D0932BD30}.Release|x64.ActiveCfg = Release|x64
		{24B1C074-2135-425B-A930-931D0932BD30}.Release|x64.Build.0 = Release|x64
		{24B1C074-2135-425B-A930-931D0932BD30}.Release|x86.ActiveCfg = Release|Win32
		{24B1C074-2135-425B-A930-931D0932BD30}.Release|x86.Build.0 = Release|Win32
		{56450CCF-137F-4DBA-9DA6-503148D6B6CC}.Debug|x64.ActiveCfg = Debug|x64
		{56450CCF-137F-4DBA-9DA6-503148D6B6CC}.Debug|x64.Build.0 = Debug|x64
		{56450CCF-137F-4DBA-9DA6-503148D6B6CC}.Debug|x86.ActiveCfg = Debug|Win32
		{56450CCF-137F-4DBA-9DA6-503148D6B6CC}.Debug|x86.Build.0 = Debug|Win32
		{56450CCF-137F-4DBA-9DA6-503148D6B6CC}.Release|x64.ActiveCfg = Release|x64
		{56450CCF-137F-4DBA-9DA6-503148D6B6CC}.Release|x64.Build.0 = Release|x64
		{56450CCF-137F-4DBA-9DA6-503148D6B6CC}.Release|x86.ActiveCfg = Release|Win32
		{56450CCF-137F-4DBA-9DA6-503148D6B6CC}.Release|x86.Build.0 = Release|Win32
		{754B1F68-6D0E-4BE4-8CB5-7599BE44A429}.Debug|x64.ActiveCfg = Debug|x64
		{754B1F68-6D0E-4BE4-8CB5-7599BE44A429}.Debug|x64.Build.0 = Debug|x64
		{754B1F68-6D0E-4BE4-8CB5-7599BE44A429}.Debug|x86.ActiveCfg = Debug|Win32
		{754B1F68-6D0E-4BE4-8CB5-7599BE44A429}.Debug|x86.Build.0 = Debug|Win32
		{754B1F68-6D0E-4BE4-8CB5-7599BE44A429}.Release|x64.ActiveCfg = Release|x64
		{754B1F68-6D0E-4BE4-8CB5-7599BE44A429}.Release|x64.Build.0 = Release|x64
		{754B1F68-6D0E-4BE4-8CB5-7599BE44A429}.Release|x86.ActiveCfg = Release|Win32
		{754B1F68-6D0E-4BE4-8CB5-7599BE44A429}.Release|x86.Build.0 = Release|Win32
		{E603A1D7-D6FB-47A8-A5D0-A0E76A224ABE}.Debug|x64.ActiveCfg = Debug|x64
		{E603A1D7-D6FB-47A8-A5D0-A0E76A224ABE}.Debug|x64.Build.0 = Debug|x64
		{E603A1D7-D6FB-47A8-A5D0-A0E76A224ABE}.Debug|x86.ActiveCfg = Debug|Win32
		{E603A1D7-D6FB-47A8-A5D0-A0E76A224ABE}.Debug|x86.Build.0 = Debug|Win32
		{E603A1D7-D6FB-47A8-A5D0-A0E76A224ABE}.Release|x64.ActiveCfg = Release|x64
		{E603A1D7-D6FB-47A8-A5D0-A0E76A224ABE}.Release|x64.Build.0 = Release|x64
		{E603A1D7-D6FB-47A8-A5D0-A0E76A224ABE}.Release|x86.ActiveCfg = Release|Win32
		{E603A1D7-D6FB-47A8-A5D0-A0E76A224ABE}.Release|x86.Build.0 = Release|Win32
		{2107268D-8678-49B4-B503-A84F84422C93}.Debug|x64.ActiveCfg = Debug|x64
		{2107268D-8678-49B4-B503-A84F84422C93}.Debug|x64.Build.0 = Debug|x64
		{2107268D-8678-49B4-B503-A84F84422C93}.Debug|x86.ActiveCfg = Debug|Win32
		{2107268D-8678-49B4-B503-A84F84422C93}.Debug|x86.Build.0 = Debug|Win32
		{2107268D-8678-49B4-B503-A84F84422C93}.Release|x64.ActiveCfg = Release|x64
		{2107268D-8678-49B4-B503-A84F84422C93}.Release|x64.Build.0 = Release|x64
		{2107268D-8678-49B4-B503-A84F84422C93}.Release|x86.ActiveCfg = Release|Win32
		{2107268D-8678-49B4-B503-A84F84422C93}.Release|x86.Build.0 = Release|Win32
		{AA730B6E-CBD9-4415-BDFA-37AB4B02C3FB}.Debug|x64.ActiveCfg = Debug|x64
		{AA730B6E-CBD9-4415-BDFA-37AB4B02C3FB}.Debug|x64.Build.0 = Debug|x64
		{AA730B6E-CBD9-4415-BDFA-37AB4B02C3FB}.Debug|x86.ActiveCfg = Debug|Win32
		{AA730B6E-CBD9-4415-BDFA-37AB4B02C3FB}.Debug|x86.Build.0 = Debug|Win32
		{AA730B6E-CBD9-4415-BDFA-37AB4B02C3FB}.Release|x64.ActiveCfg = Release|x64
		{AA730B6E-CBD9-4415-BDFA-37AB4B02C3FB}.Release|x64.Build.0 = Release|x64
		{AA730B6E-CBD9-4415-BDFA-37AB4B02C3FB}.Release|x86.ActiveCfg = Release|Win32
		{AA730B6E-CBD9-4415-BDFA-37AB4B02C3FB}.Release|x86.Build.0 = Release|Win32
		{FD73355D-6DD2-4685-92F6-4F70B3C167CA}.Debug|x64.ActiveCfg = Debug|x64
		{FD73355D-6DD2-4685-92F6-4F70B3C167CA}.Debug|x64.Build.0 = Debug|x64
		{FD73355D-6DD2-4685-92F6-4F70B3C167CA}.Debug|x86.ActiveCfg = Debug|Win32
		{FD73355D-6DD2-4685-92F6-4F70B3C167CA}.Debug|x86.Build.0 = Debug|Win32
		{FD73355D-6DD2-4685-92F6-4F70B3C167CA}.Release|x64.ActiveCfg = Release|x64
		{FD73355D-6DD2-4685-92F6-4F70B3C167CA}.Release|x64.Build.0 = Release|x64
		{FD73355D-6DD2-4685-92F6-4F70B3C167CA}.Release|x86.ActiveCfg = Release|Win32
		{FD73355D-6DD2-4685-92F6-4F70B3C167CA}.Release|x86.Build.0 = Release|Win32
		{805489D0-AC0A-4804-81F5-DA58295AFDBE}.Debug|x64.ActiveCfg = Debug|x64
		{805489D0-AC0A-4804-81F5-DA58295AFDBE}.Debug|x64.Build.0 = Debug|x64
		{805489D0-AC0A-4804-81F5-DA58295AFDBE}.Debug|x86.ActiveCfg = Debug|Win32
		{805489D0-AC0A-4804-81F5-DA58295AFDBE}.Debug|x86.Build.0 = Debug|Win32
		{805489D0-AC0A-4804-81F5-DA58295AFDBE}.Release|x64.ActiveCfg = Release|x64
		{805489D0-AC0A-4804-81F5-DA58295AFDBE}.Release|x64.Build.0 = Release|x64
		{805489D0-AC0A-4804-81F5-DA58295AFDBE}.Release|x86.ActiveCfg = Release|Win32
		{805489D0-AC0A-4804-81F5-DA58295AFDBE}.Release|x86.Build.0 = Release|Win32
		{AE902829-44D3-462F-9CB7-427135C151F8}.Debug|x64.ActiveCfg = Debug|x64
		{AE902829-44D3-462F-9CB7-427135C151F8}.Debug|x64.Build.0 = Debug|x64
		{AE902829-44D3-462F-9CB7-427135C151F8}.Debug|x86.ActiveCfg = Debug|Win32
		{AE902829-44D3-462F-9CB7-427135C151F8}.Debug|x86.Build.0 = Debug|Win32
		{AE902829-44D3-462F-9CB7-427135C151F8}.Release|x64.ActiveCfg = Release|x64
		{AE902829-44D3-462F-9CB7-427135C151F8}.Release|x64.Build.0 = Release|x64
		{AE902829-44D3-462F-9CB7-427135C151F8}.Release|x86.ActiveCfg = Release|Win32
		{AE902829-44D3-462F-9CB7-427135C151F8}.Release|x86.Build.0 = Release|Win32
		{A8E33666-B219-4F1C-89BB-C36C53075653}.Debug|x64.ActiveCfg = Debug|x64
		{A8E33666-B219-4F1C-89BB-C36C53075653}.Debug|x64.Build.0 = Debug|x64
		{A8E33666-B219-4F1C-89BB-C36C53075653}.Debug|x86.ActiveCfg = Debug|Win32
		{A8E33666-B219-4F1C-89BB-C36C53075653}.Debug|x86.Build.0 = Debug|Win32
		{A8E33666-B219-4F1C-89BB-C36C53075653}.Release|x64.ActiveCfg = Release|x64
		{A8E33666-B219-4F1C-89BB-C36C53075653}.Release|x64.Build.0 = Release|x64
		{A8E33666-B219-4F1C-89BB-C36C53075653}.Release|x86.ActiveCfg = Release|Win32
		{A8E33666-B219-4F1C-89BB-C36C53075653}.Release|x86.Build.0 = Release|Win32
		{37005F65-1FFC-48F0-87EE-54501AEA5D00}.Debug|x64.ActiveCfg = Debug|x64
		{37005F65-1FFC-48F0-87EE-54501AEA5D00}.Debug|x64.Build.0 = Debug|x64
		{37005F65-1FFC-48F0-87EE-54501AEA5D00}.Debug|x86.ActiveCfg = Debug|Win32
		{37005F65-1FFC-48F0-87EE-54501AEA5D00}.Debug|x86.Build.0 = Debug|Win32
		{37005F65-1FFC-48F0-87EE-54501AEA5D00}.Release|x64.ActiveCfg = Release|x64
		{37005F65-1FFC-48F0-87EE-54501AEA5D00}.Release|x64.Build.0 = Release|x64
		{37005F65-1FFC-48F0-87EE-54501AEA5D00}.Release|x86.ActiveCfg = Release|Win32
		{37005F65-1FFC-48F0-87EE-54501AEA5D00}.Release|x86.Build.0 = Release|Win32
		{CA64F0AF-8753-4334-9691-2FCF385E0708}.Debug|x64.ActiveCfg = Debug|x64
		{CA64F0AF-8753-4334-9691-2FCF385E0708}.Debug|x64.Build.0 = Debug|x64
		{CA64F0AF-8753-4334-9691-2FCF385E0708}.Debug|x86.ActiveCfg = Debug|Win32
		{CA64F0AF-8753-4334-9691-2FCF385E0708}.Debug|x86.Build.0 = Debug|Win32
		{CA64F0AF-8753-4334-9691-2FCF385E0708}.Release|x64.ActiveCfg = Release|x64
		{CA64F0AF-8753-4334-9691-2FCF385E0708}.Release|x64.Build.0 = Release|x64
		{CA64F0AF-8753-4334-9691-2FCF385E0708}.Release|x86.ActiveCfg = Release|Win32
		{CA64F0AF-8753-4334-9691-2FCF385E0708}.Release|x86.Build.0 = Release|Win32
		{68D93F70-2486-4957-BD78-61974DAC6180}.Debug|x64.ActiveCfg = Debug|x64
		{68D93F70-2486-4957-BD78-61974DAC6180}.Debug|x64.Build.0 = Debug|x64
		{68D93F70-2486-4957-BD78-61974DAC6180}.Debug|x86.ActiveCfg = Debug|Win32
		{68D93F70-2486-4957-BD78-61974DAC6180}.Debug|x86.Build.0 = Debug|Win32
		{68D93F70-2486-4957-BD78-61974DAC6180}.Release|x64.ActiveCfg = Release|x64
		{68D93F70-2486-4957-BD78-61974DAC6180}.Release|x64.Build.0 = Release|x64
		{68D93F70-2486-4957-BD78-61974DAC6180}.Release|x86.ActiveCfg = Release|Win32
		{68D93F70-2486-4957-BD78-61974DAC6180}.Release|x86.Build.0 = Release|Win32
		{EA6A5141-236D-46B2-B9C7-FAEB1203924A}.Debug|x64.ActiveCfg = Debug|x64
		{EA6A5141-236D-46B2-B9C7-FAEB1203924A}.Debug|x64.Build.0 = Debug|x64
		{EA6A5141-236D-46B2-B9C7-FAEB1203924A}.Debug|x86.ActiveCfg = Debug|Win32
		{EA6A5141-236D-46B2-B9C7-FAEB1203924A}.Debug|x86.Build.0 = Debug|Win32
		{EA6A5141-236D-46B2-B9C7-FAEB1203924A}.Release|x64.ActiveCfg = Release|x64
		{EA6A5141-236D-46B2-B9C7-FAEB1203924A}.Release|x64.Build.0 = Release|x64
		{EA6A5141-236D-46B2-B9C7-FAEB1203924A}.Release|x86.ActiveCfg = Release|Win32
		{EA6A5141-236D-46B2-B9C7-FAEB1203924A}.Release|x86.Build.0 = Release|Win32
		{5E9F071A-5D4D-4694-9C1F-89DF9D7D4C37}.Debug|x64.ActiveCfg = Debug|x64
		{5E9F071A-5D4D-4694-9C1F-89DF9D7D4C37}.Debug|x64.Build.0 = Debug|x64
		{5E9F071A-5D4D-4694-9C1F-89DF9D7D4C37}.Debug|x86.ActiveCfg = Debug|Win32
		{5E9F071A-5D4D-4694-9C1F-89DF9D7D4C37}.Debug|x86.Build.0 = Debug|Win32
		{5E9F071A-5D4D-4694-9C1F-89DF9D7D4C37}.Release|x64.ActiveCfg = Release|x64
		{5E9F071A-5D4D-4694-9C1F-89DF9D7D4C37}.Release|x64.Build.0 = Release|x64
		{5E9F071A-5D4D-4694-9C1F-89DF9D7D4C37}.Release|x86.ActiveCfg = Release|Win32
		{5E9F071A-5D4D-4694-9C1F-89DF9D7D4C37}.Release|x86.Build.0 = Release|Win32
		{087DCF9E-739F-4741-9F1E-CC41CC725E49}.Debug|x64.ActiveCfg = Debug|x64
		{087DCF9E-739F-4741-9F1E-CC41CC725E49}.Debug|x64.Build.0 = Debug|x64
		{087DCF9E-739F-4741-9F1E-CC41CC725E49}.Debug|x86.ActiveCfg = Debug|Win32
		{087DCF9E-739F-4741-9F1E-CC41CC725E49}.Debug|x86.Build.0 = Debug|Win32
		{087DCF9E-739F-4741-9F1E-CC41CC725E49}.Release|x64.ActiveCfg = Release|x64
		{087DCF9E-739F-4741-9F1E-CC41CC725E49}.Release|x64.Build.0 = Release|x64
		{087DCF9E-739F-4741-9F1E-CC41CC725E49}.Release|x86.ActiveCfg = Release|Win32
		{087DCF9E-739F-4741-9F1E-CC41CC725E49}.Release|x86.Build.0 = Release|Win32
		{AA490D33-E293-4139-99FB-6E14AABDDAEF}.Debug|x64.ActiveCfg = Debug|x64
		{AA490D33-E293-4139-99FB-6E14AABDDAEF}.Debug|x64.Build.0 = Debug|x64
		{AA490D33-E293-4139-99FB-6E14AABDDAEF}.Debug|x86.ActiveCfg = Debug|Win32
		{AA490D33-E293-4139-99FB-6E14AABDDAEF}.Debug|x86.Build.0 = Debug|Win32
		{AA490D33-E293-4139-99FB-6E14AABDDAEF}.Release|x64.ActiveCfg = Release|x64
		{AA490D33-E293-4139-99FB-6E14AABDDAEF}.Release|x64.Build.0 = Release|x64
		{AA490D33-E293-4139-99FB-6E14AABDDAEF}.Release|x86.ActiveCfg = Release|Win32
		{AA490D33-E293-4139-99FB-6E14AABDDAEF}.Release|x86.Build.0 = Release|Win32
		{7E18E569-82CD-4882-A703-EA2885EC4FF8}.Debug|x64.ActiveCfg = Debug|x64
		{7E18E569-82CD-4882-A703-EA2885EC4FF8}.Debug|x64.Build.0 = Debug|x64
		{7E18E569-82CD-4882-A703-EA2885EC4FF8}.Debug|x86.ActiveCfg = Debug|Win32
		{7E18E569-82CD-4882-A703-EA2885EC4FF8}.Debug|x86.Build.0 = Debug|Win32
		{7E18E569-82CD-4882-A703-EA2885EC4FF8}.Release|x64.ActiveCfg = Release|x64
		{7E18E569-82CD-4882-A703-EA2885EC4FF8}.Release|x64.Build.0 = Release|x64
		{7E18E569-82CD-4882-A703-EA2885EC4FF8}.Release|x86.ActiveCfg = Release|Win32
		{7E18E569-82CD-4882-A703-EA2885EC4FF8}.Release|x86.Build.0 = Release|Win32
		{C51025BB-E399-4D76-81F6-523CBBEC987D}.Debug|x64.ActiveCfg = Debug|x64
		{C51025BB-E399-4D76-81F6-523CBBEC987D}.Debug|x64.Build.0 = Debug|x64
		{C51025BB-E399-4D76-81F6-523CBBEC987D}.Debug|x86.ActiveCfg = Debug|Win32
		{C51025BB-E399-4D76-81F6-523CBBEC987D}.Debug|x86.Build.0 = Debug|Win32
		{C51025BB-E399-4D76-81F6-523CBBEC987D}.Release|x64.ActiveCfg = Release|x64
		{C51025BB-E399-4D76-81F6-523CBBEC987D}.Release|x64.Build.0 = Release|x64
		{C51025BB-E399-4D76-81F6-523CBBEC987D}.Release|x86.ActiveCfg = Release|Win32
		{C51025BB-E399-4D76-81F6-523CBBEC987D}.Release|x86.Build.0 = Release|Win32
	EndGlobalSection
	GlobalSection(SolutionProperties) = preSolution
		HideSolutionNode = FALSE
	EndGlobalSection
	GlobalSection(ExtensibilityGlobals) = postSolution
		SolutionGuid = {F9A766D7-A92F-47FA-BFB2-50AD640FDA17}
	EndGlobalSection
EndGlobal
